
Microsoft Visual Studio Solution File, Format Version 12.00
# Visual Studio Version 17
VisualStudioVersion = 17.6.33815.320
MinimumVisualStudioVersion = 10.0.40219.1
Project("{FAE04EC0-301F-11D3-BF4B-00C04F79EFBC}") = "home_work_1", "home_work_1\home_work_1.csproj", "{9B1884EA-2D5E-4FEE-9ADF-68EE2F7B5F63}"
EndProject
Global
	GlobalSection(SolutionConfigurationPlatforms) = preSolution
		Debug|Any CPU = Debug|Any CPU
		Release|Any CPU = Release|Any CPU
	EndGlobalSection
	GlobalSection(ProjectConfigurationPlatforms) = postSolution
		{9B1884EA-2D5E-4FEE-9ADF-68EE2F7B5F63}.Debug|Any CPU.ActiveCfg = Debug|Any CPU
		{9B1884EA-2D5E-4FEE-9ADF-68EE2F7B5F63}.Debug|Any CPU.Build.0 = Debug|Any CPU
		{9B1884EA-2D5E-4FEE-9ADF-68EE2F7B5F63}.Release|Any CPU.ActiveCfg = Release|Any CPU
		{9B1884EA-2D5E-4FEE-9ADF-68EE2F7B5F63}.Release|Any CPU.Build.0 = Release|Any CPU
	EndGlobalSection
	GlobalSection(SolutionProperties) = preSolution
		HideSolutionNode = FALSE
	EndGlobalSection
	GlobalSection(ExtensibilityGlobals) = postSolution
		SolutionGuid = {6C673F50-510C-4038-81E6-ADEB12FD585C}
	EndGlobalSection
EndGlobal
